
Microsoft Visual Studio Solution File, Format Version 12.00
# Visual Studio Version 16
VisualStudioVersion = 16.0.30309.148
MinimumVisualStudioVersion = 10.0.40219.1
Project("{FAE04EC0-301F-11D3-BF4B-00C04F79EFBC}") = "Monogame 2 - Scaling Using Rectangles", "Monogame 2 - Scaling Using Rectangles.csproj", "{B5E52CD7-B16C-4122-B9C5-4BB2AC71B8D4}"
EndProject
Global
	GlobalSection(SolutionConfigurationPlatforms) = preSolution
		Debug|Any CPU = Debug|Any CPU
		Release|Any CPU = Release|Any CPU
	EndGlobalSection
	GlobalSection(ProjectConfigurationPlatforms) = postSolution
		{B5E52CD7-B16C-4122-B9C5-4BB2AC71B8D4}.Debug|Any CPU.ActiveCfg = Debug|Any CPU
		{B5E52CD7-B16C-4122-B9C5-4BB2AC71B8D4}.Debug|Any CPU.Build.0 = Debug|Any CPU
		{B5E52CD7-B16C-4122-B9C5-4BB2AC71B8D4}.Release|Any CPU.ActiveCfg = Release|Any CPU
		{B5E52CD7-B16C-4122-B9C5-4BB2AC71B8D4}.Release|Any CPU.Build.0 = Release|Any CPU
	EndGlobalSection
	GlobalSection(SolutionProperties) = preSolution
		HideSolutionNode = FALSE
	EndGlobalSection
	GlobalSection(ExtensibilityGlobals) = postSolution
		SolutionGuid = {0E35B98F-DC89-4573-9DE0-50F591347639}
	EndGlobalSection
EndGlobal
